{
  "version": 4,
  "terraform_version": "1.3.3",
  "serial": 195,
  "lineage": "b71a65e0-e6bb-01d0-5d2e-c47d51e3a546",
  "outputs": {},
  "resources": [
    {
      "mode": "managed",
      "type": "openstack_compute_instance_v2",
      "name": "sbg5_instances",
      "provider": "provider[\"registry.terraform.io/terraform-provider-openstack/openstack\"].ovh",
      "instances": [
        {
          "index_key": 0,
          "schema_version": 0,
          "attributes": {
            "access_ip_v4": "146.59.243.173",
            "access_ip_v6": "[2001:41d0:404:100::2661]",
            "admin_pass": null,
            "all_metadata": {},
            "all_tags": [],
            "availability_zone": "nova",
            "availability_zone_hints": null,
            "block_device": [],
            "config_drive": null,
            "flavor_id": "ce07016c-95df-4085-bb5a-565caffc2063",
            "flavor_name": "s1-2",
            "floating_ip": null,
            "force_delete": false,
            "id": "b3d41609-9e45-4e92-8da8-4cd8c5b95c31",
            "image_id": "b6b0399c-b631-48ea-9b62-629579cf91f0",
            "image_name": "Debian 11",
            "key_pair": "sshkey_eductive21_backend_eductive21_gra1",
            "metadata": null,
            "name": "backend_eductive21_sbg_1",
            "network": [
              {
                "access_network": false,
                "fixed_ip_v4": "146.59.243.173",
                "fixed_ip_v6": "[2001:41d0:404:100::2661]",
                "floating_ip": "",
                "mac": "fa:16:3e:dc:cd:5c",
                "name": "Ext-Net",
                "port": "",
                "uuid": "581fad02-158d-4dc6-81f0-c1ec2794bbec"
              }
            ],
            "network_mode": null,
            "personality": [],
            "power_state": "active",
            "region": "SBG5",
            "scheduler_hints": [],
            "security_groups": [
              "default"
            ],
            "stop_before_destroy": false,
            "tags": [],
            "timeouts": null,
            "user_data": null,
            "vendor_options": [],
            "volume": []
          },
          "sensitive_attributes": [],
          "private": "eyJlMmJmYjczMC1lY2FhLTExZTYtOGY4OC0zNDM2M2JjN2M0YzAiOnsiY3JlYXRlIjoxODAwMDAwMDAwMDAwLCJkZWxldGUiOjE4MDAwMDAwMDAwMDAsInVwZGF0ZSI6MTgwMDAwMDAwMDAwMH19",
          "dependencies": [
            "openstack_compute_keypair_v2.sbg5_keypair"
          ]
        },
        {
          "index_key": 1,
          "schema_version": 0,
          "attributes": {
            "access_ip_v4": "146.59.242.23",
            "access_ip_v6": "[2001:41d0:404:100::2536]",
            "admin_pass": null,
            "all_metadata": {},
            "all_tags": [],
            "availability_zone": "nova",
            "availability_zone_hints": null,
            "block_device": [],
            "config_drive": null,
            "flavor_id": "ce07016c-95df-4085-bb5a-565caffc2063",
            "flavor_name": "s1-2",
            "floating_ip": null,
            "force_delete": false,
            "id": "9e107090-53a8-4702-8fa3-14a1807458c6",
            "image_id": "b6b0399c-b631-48ea-9b62-629579cf91f0",
            "image_name": "Debian 11",
            "key_pair": "sshkey_eductive21_backend_eductive21_gra2",
            "metadata": null,
            "name": "backend_eductive21_sbg_2",
            "network": [
              {
                "access_network": false,
                "fixed_ip_v4": "146.59.242.23",
                "fixed_ip_v6": "[2001:41d0:404:100::2536]",
                "floating_ip": "",
                "mac": "fa:16:3e:a3:d3:66",
                "name": "Ext-Net",
                "port": "",
                "uuid": "581fad02-158d-4dc6-81f0-c1ec2794bbec"
              }
            ],
            "network_mode": null,
            "personality": [],
            "power_state": "active",
            "region": "SBG5",
            "scheduler_hints": [],
            "security_groups": [
              "default"
            ],
            "stop_before_destroy": false,
            "tags": [],
            "timeouts": null,
            "user_data": null,
            "vendor_options": [],
            "volume": []
          },
          "sensitive_attributes": [],
          "private": "eyJlMmJmYjczMC1lY2FhLTExZTYtOGY4OC0zNDM2M2JjN2M0YzAiOnsiY3JlYXRlIjoxODAwMDAwMDAwMDAwLCJkZWxldGUiOjE4MDAwMDAwMDAwMDAsInVwZGF0ZSI6MTgwMDAwMDAwMDAwMH19",
          "dependencies": [
            "openstack_compute_keypair_v2.sbg5_keypair"
          ]
        },
        {
          "index_key": 2,
          "schema_version": 0,
          "attributes": {
            "access_ip_v4": "51.91.209.66",
            "access_ip_v6": "[2001:41d0:404:100::fa9]",
            "admin_pass": null,
            "all_metadata": {},
            "all_tags": [],
            "availability_zone": "nova",
            "availability_zone_hints": null,
            "block_device": [],
            "config_drive": null,
            "flavor_id": "ce07016c-95df-4085-bb5a-565caffc2063",
            "flavor_name": "s1-2",
            "floating_ip": null,
            "force_delete": false,
            "id": "95593f1d-1636-4054-8c40-9ccb791e752f",
            "image_id": "b6b0399c-b631-48ea-9b62-629579cf91f0",
            "image_name": "Debian 11",
            "key_pair": "sshkey_eductive21_backend_eductive21_gra3",
            "metadata": null,
            "name": "backend_eductive21_sbg_3",
            "network": [
              {
                "access_network": false,
                "fixed_ip_v4": "51.91.209.66",
                "fixed_ip_v6": "[2001:41d0:404:100::fa9]",
                "floating_ip": "",
                "mac": "fa:16:3e:c1:12:56",
                "name": "Ext-Net",
                "port": "",
                "uuid": "581fad02-158d-4dc6-81f0-c1ec2794bbec"
              }
            ],
            "network_mode": null,
            "personality": [],
            "power_state": "active",
            "region": "SBG5",
            "scheduler_hints": [],
            "security_groups": [
              "default"
            ],
            "stop_before_destroy": false,
            "tags": [],
            "timeouts": null,
            "user_data": null,
            "vendor_options": [],
            "volume": []
          },
          "sensitive_attributes": [],
          "private": "eyJlMmJmYjczMC1lY2FhLTExZTYtOGY4OC0zNDM2M2JjN2M0YzAiOnsiY3JlYXRlIjoxODAwMDAwMDAwMDAwLCJkZWxldGUiOjE4MDAwMDAwMDAwMDAsInVwZGF0ZSI6MTgwMDAwMDAwMDAwMH19",
          "dependencies": [
            "openstack_compute_keypair_v2.sbg5_keypair"
          ]
        }
      ]
    },
    {
      "mode": "managed",
      "type": "openstack_compute_keypair_v2",
      "name": "gra11_keypair",
      "provider": "provider[\"registry.terraform.io/terraform-provider-openstack/openstack\"].ovh",
      "instances": [
        {
          "index_key": 2,
          "schema_version": 0,
          "attributes": {
            "fingerprint": "47:f9:b7:3e:2f:f3:eb:c2:87:dd:b2:f1:16:73:18:ef",
            "id": "sshkey_eductive21",
            "name": "sshkey_eductive21",
            "private_key": "",
            "public_key": "ssh-rsa AAAAB3NzaC1yc2EAAAADAQABAAACAQCdQO7dARQxpKI5dIZXYs8lb6SqmBbQRyw+w2ZjqCbY1nVyoPXixPtBix9wrYlmfRIRDNIjyEVcZB3CfYXsbTEs1+NFEm4zZLfBCJp+yPAZZrwct0CSHJOprZx0oEqzc9mQ+GTO1RqJ/n5QWOfaxk/RrlKIoycyJzGi8AQ1grkLNIHf0fppk/b9omYLOrHjVXqK0fwOo5YEPSw7fyR9RxsRySIJ/vnLK/3M3wM+6TqESYJ5F566qCrVPPNuMmR8gSbkqKVZjniu5O6TQRwuUFJoSLfZwqqSeC47f4A2S+Y478RKnJ9PXGFHCZWobGtR4Su0S8kvjD6+K2oIMQqXvVc2fzOLhgqHSFDXHmtEmP150lXPpKcJGUvHeBa8AnqFuNLyJRz8jJ24gaHf8PqQYNifKpOZHeavCS3m6xMjHQyfbwEetVd144Mof7ZUEln6kmxsQV/rUj8EFYrIKZ4amljON6LKKnTVXwTQIalTqI1ctxzTKyX5tHSwd435XkU4rf2zeHbDEBjb5MntKbpUm2YFuqTcUvUrKFKdrc+mgxTuFu51eXrmjZa19d0mymze5bWSrlDiUZ32aZeM/yeQWVoOANUfK2Yt580g/bzXbShGDeRnvjzRHXa8zfe4H0Ad9ydIqwTCfS207tcseqFCKk61j/GhphzfbbzVta4Qa/JgZQ== eductive21@master.thisistheway.ovh\n",
            "region": "GRA11",
            "value_specs": null
          },
          "sensitive_attributes": [],
          "private": "bnVsbA=="
        }
      ]
    },
    {
      "mode": "managed",
      "type": "openstack_compute_keypair_v2",
      "name": "sbg5_keypair",
      "provider": "provider[\"registry.terraform.io/terraform-provider-openstack/openstack\"].ovh",
      "instances": [
        {
          "index_key": 0,
          "schema_version": 0,
          "attributes": {
            "fingerprint": "47:f9:b7:3e:2f:f3:eb:c2:87:dd:b2:f1:16:73:18:ef",
            "id": "sshkey_eductive21_backend_eductive21_gra1",
            "name": "sshkey_eductive21_backend_eductive21_gra1",
            "private_key": "",
            "public_key": "ssh-rsa AAAAB3NzaC1yc2EAAAADAQABAAACAQCdQO7dARQxpKI5dIZXYs8lb6SqmBbQRyw+w2ZjqCbY1nVyoPXixPtBix9wrYlmfRIRDNIjyEVcZB3CfYXsbTEs1+NFEm4zZLfBCJp+yPAZZrwct0CSHJOprZx0oEqzc9mQ+GTO1RqJ/n5QWOfaxk/RrlKIoycyJzGi8AQ1grkLNIHf0fppk/b9omYLOrHjVXqK0fwOo5YEPSw7fyR9RxsRySIJ/vnLK/3M3wM+6TqESYJ5F566qCrVPPNuMmR8gSbkqKVZjniu5O6TQRwuUFJoSLfZwqqSeC47f4A2S+Y478RKnJ9PXGFHCZWobGtR4Su0S8kvjD6+K2oIMQqXvVc2fzOLhgqHSFDXHmtEmP150lXPpKcJGUvHeBa8AnqFuNLyJRz8jJ24gaHf8PqQYNifKpOZHeavCS3m6xMjHQyfbwEetVd144Mof7ZUEln6kmxsQV/rUj8EFYrIKZ4amljON6LKKnTVXwTQIalTqI1ctxzTKyX5tHSwd435XkU4rf2zeHbDEBjb5MntKbpUm2YFuqTcUvUrKFKdrc+mgxTuFu51eXrmjZa19d0mymze5bWSrlDiUZ32aZeM/yeQWVoOANUfK2Yt580g/bzXbShGDeRnvjzRHXa8zfe4H0Ad9ydIqwTCfS207tcseqFCKk61j/GhphzfbbzVta4Qa/JgZQ== eductive21@master.thisistheway.ovh\n",
            "region": "SBG5",
            "value_specs": null
          },
          "sensitive_attributes": [],
          "private": "bnVsbA=="
        },
        {
          "index_key": 1,
          "schema_version": 0,
          "attributes": {
            "fingerprint": "47:f9:b7:3e:2f:f3:eb:c2:87:dd:b2:f1:16:73:18:ef",
            "id": "sshkey_eductive21_backend_eductive21_gra2",
            "name": "sshkey_eductive21_backend_eductive21_gra2",
            "private_key": "",
            "public_key": "ssh-rsa AAAAB3NzaC1yc2EAAAADAQABAAACAQCdQO7dARQxpKI5dIZXYs8lb6SqmBbQRyw+w2ZjqCbY1nVyoPXixPtBix9wrYlmfRIRDNIjyEVcZB3CfYXsbTEs1+NFEm4zZLfBCJp+yPAZZrwct0CSHJOprZx0oEqzc9mQ+GTO1RqJ/n5QWOfaxk/RrlKIoycyJzGi8AQ1grkLNIHf0fppk/b9omYLOrHjVXqK0fwOo5YEPSw7fyR9RxsRySIJ/vnLK/3M3wM+6TqESYJ5F566qCrVPPNuMmR8gSbkqKVZjniu5O6TQRwuUFJoSLfZwqqSeC47f4A2S+Y478RKnJ9PXGFHCZWobGtR4Su0S8kvjD6+K2oIMQqXvVc2fzOLhgqHSFDXHmtEmP150lXPpKcJGUvHeBa8AnqFuNLyJRz8jJ24gaHf8PqQYNifKpOZHeavCS3m6xMjHQyfbwEetVd144Mof7ZUEln6kmxsQV/rUj8EFYrIKZ4amljON6LKKnTVXwTQIalTqI1ctxzTKyX5tHSwd435XkU4rf2zeHbDEBjb5MntKbpUm2YFuqTcUvUrKFKdrc+mgxTuFu51eXrmjZa19d0mymze5bWSrlDiUZ32aZeM/yeQWVoOANUfK2Yt580g/bzXbShGDeRnvjzRHXa8zfe4H0Ad9ydIqwTCfS207tcseqFCKk61j/GhphzfbbzVta4Qa/JgZQ== eductive21@master.thisistheway.ovh\n",
            "region": "SBG5",
            "value_specs": null
          },
          "sensitive_attributes": [],
          "private": "bnVsbA=="
        },
        {
          "index_key": 2,
          "schema_version": 0,
          "attributes": {
            "fingerprint": "47:f9:b7:3e:2f:f3:eb:c2:87:dd:b2:f1:16:73:18:ef",
            "id": "sshkey_eductive21_backend_eductive21_gra3",
            "name": "sshkey_eductive21_backend_eductive21_gra3",
            "private_key": "",
            "public_key": "ssh-rsa AAAAB3NzaC1yc2EAAAADAQABAAACAQCdQO7dARQxpKI5dIZXYs8lb6SqmBbQRyw+w2ZjqCbY1nVyoPXixPtBix9wrYlmfRIRDNIjyEVcZB3CfYXsbTEs1+NFEm4zZLfBCJp+yPAZZrwct0CSHJOprZx0oEqzc9mQ+GTO1RqJ/n5QWOfaxk/RrlKIoycyJzGi8AQ1grkLNIHf0fppk/b9omYLOrHjVXqK0fwOo5YEPSw7fyR9RxsRySIJ/vnLK/3M3wM+6TqESYJ5F566qCrVPPNuMmR8gSbkqKVZjniu5O6TQRwuUFJoSLfZwqqSeC47f4A2S+Y478RKnJ9PXGFHCZWobGtR4Su0S8kvjD6+K2oIMQqXvVc2fzOLhgqHSFDXHmtEmP150lXPpKcJGUvHeBa8AnqFuNLyJRz8jJ24gaHf8PqQYNifKpOZHeavCS3m6xMjHQyfbwEetVd144Mof7ZUEln6kmxsQV/rUj8EFYrIKZ4amljON6LKKnTVXwTQIalTqI1ctxzTKyX5tHSwd435XkU4rf2zeHbDEBjb5MntKbpUm2YFuqTcUvUrKFKdrc+mgxTuFu51eXrmjZa19d0mymze5bWSrlDiUZ32aZeM/yeQWVoOANUfK2Yt580g/bzXbShGDeRnvjzRHXa8zfe4H0Ad9ydIqwTCfS207tcseqFCKk61j/GhphzfbbzVta4Qa/JgZQ== eductive21@master.thisistheway.ovh\n",
            "region": "SBG5",
            "value_specs": null
          },
          "sensitive_attributes": [],
          "private": "bnVsbA=="
        }
      ]
    }
  ],
  "check_results": []
}
