{
  "version": 4,
  "terraform_version": "1.3.3",
  "serial": 65,
  "lineage": "b71a65e0-e6bb-01d0-5d2e-c47d51e3a546",
  "outputs": {},
  "resources": [
    {
      "mode": "managed",
      "type": "openstack_compute_instance_v2",
      "name": "tp_terraform",
      "provider": "provider[\"registry.terraform.io/terraform-provider-openstack/openstack\"].ovh",
      "instances": [
        {
          "index_key": 0,
          "schema_version": 0,
          "attributes": {
            "access_ip_v4": "152.228.213.67",
            "access_ip_v6": "[2001:41d0:304:300::193]",
            "admin_pass": null,
            "all_metadata": {},
            "all_tags": [],
            "availability_zone": "nova",
            "availability_zone_hints": null,
            "block_device": [],
            "config_drive": null,
            "flavor_id": "fa05492b-f252-4287-bf26-8bfa62933c6a",
            "flavor_name": "s1-2",
            "floating_ip": null,
            "force_delete": false,
            "id": "03cd7876-47b1-4db1-acdf-26c36ad7474e",
            "image_id": "a32aaf69-72d8-4b98-9e6a-67929fa1b9cb",
            "image_name": "Debian 11",
            "key_pair": "sshkey_eductive21",
            "metadata": null,
            "name": "backend_eductive21_gra_1",
            "network": [
              {
                "access_network": false,
                "fixed_ip_v4": "152.228.213.67",
                "fixed_ip_v6": "[2001:41d0:304:300::193]",
                "floating_ip": "",
                "mac": "fa:16:3e:9b:c9:31",
                "name": "Ext-Net",
                "port": "",
                "uuid": "bcf59eb2-9d83-41cc-b4f5-0435ed594833"
              }
            ],
            "network_mode": null,
            "personality": [],
            "power_state": "active",
            "region": "GRA11",
            "scheduler_hints": [],
            "security_groups": [
              "default"
            ],
            "stop_before_destroy": false,
            "tags": [],
            "timeouts": null,
            "user_data": null,
            "vendor_options": [],
            "volume": []
          },
          "sensitive_attributes": [],
          "private": "eyJlMmJmYjczMC1lY2FhLTExZTYtOGY4OC0zNDM2M2JjN2M0YzAiOnsiY3JlYXRlIjoxODAwMDAwMDAwMDAwLCJkZWxldGUiOjE4MDAwMDAwMDAwMDAsInVwZGF0ZSI6MTgwMDAwMDAwMDAwMH19",
          "dependencies": [
            "openstack_compute_keypair_v2.test_keypair"
          ]
        }
      ]
    },
    {
      "mode": "managed",
      "type": "openstack_compute_keypair_v2",
      "name": "test_keypair",
      "provider": "provider[\"registry.terraform.io/terraform-provider-openstack/openstack\"].ovh",
      "instances": [
        {
          "index_key": 0,
          "schema_version": 0,
          "attributes": {
            "fingerprint": "47:f9:b7:3e:2f:f3:eb:c2:87:dd:b2:f1:16:73:18:ef",
            "id": "sshkey_eductive21",
            "name": "sshkey_eductive21",
            "private_key": "",
            "public_key": "ssh-rsa AAAAB3NzaC1yc2EAAAADAQABAAACAQCdQO7dARQxpKI5dIZXYs8lb6SqmBbQRyw+w2ZjqCbY1nVyoPXixPtBix9wrYlmfRIRDNIjyEVcZB3CfYXsbTEs1+NFEm4zZLfBCJp+yPAZZrwct0CSHJOprZx0oEqzc9mQ+GTO1RqJ/n5QWOfaxk/RrlKIoycyJzGi8AQ1grkLNIHf0fppk/b9omYLOrHjVXqK0fwOo5YEPSw7fyR9RxsRySIJ/vnLK/3M3wM+6TqESYJ5F566qCrVPPNuMmR8gSbkqKVZjniu5O6TQRwuUFJoSLfZwqqSeC47f4A2S+Y478RKnJ9PXGFHCZWobGtR4Su0S8kvjD6+K2oIMQqXvVc2fzOLhgqHSFDXHmtEmP150lXPpKcJGUvHeBa8AnqFuNLyJRz8jJ24gaHf8PqQYNifKpOZHeavCS3m6xMjHQyfbwEetVd144Mof7ZUEln6kmxsQV/rUj8EFYrIKZ4amljON6LKKnTVXwTQIalTqI1ctxzTKyX5tHSwd435XkU4rf2zeHbDEBjb5MntKbpUm2YFuqTcUvUrKFKdrc+mgxTuFu51eXrmjZa19d0mymze5bWSrlDiUZ32aZeM/yeQWVoOANUfK2Yt580g/bzXbShGDeRnvjzRHXa8zfe4H0Ad9ydIqwTCfS207tcseqFCKk61j/GhphzfbbzVta4Qa/JgZQ== eductive21@master.thisistheway.ovh\n",
            "region": "GRA11",
            "value_specs": null
          },
          "sensitive_attributes": [],
          "private": "bnVsbA=="
        }
      ]
    }
  ],
  "check_results": []
}
