{
  "version": 4,
  "terraform_version": "1.3.3",
  "serial": 303,
  "lineage": "b71a65e0-e6bb-01d0-5d2e-c47d51e3a546",
  "outputs": {},
  "resources": [
    {
      "mode": "managed",
      "type": "local_file",
      "name": "inventory",
      "provider": "provider[\"registry.terraform.io/hashicorp/local\"]",
      "instances": [
        {
          "schema_version": 0,
          "attributes": {
            "content": "---\nfront:\n  hosts:\n    57.128.85.65:\n      ansible_user: debian\n      ansible_become: True\nbackends_gra:\n  hosts:\n    57.128.80.17:\n      ansible_user: debian\n      ansible_become: True\n    57.128.86.108:\n      ansible_user: debian\n      ansible_become: True\n    57.128.85.24:\n      ansible_user: debian\n      ansible_become: True\nbackends_sbg:\n  hosts:\n    135.125.12.248:\n      ansible_user: debian\n      ansible_become: True\n    135.125.15.116:\n      ansible_user: debian\n      ansible_become: True\n    135.125.12.197:\n      ansible_user: debian\n      ansible_become: True\n",
            "content_base64": null,
            "directory_permission": "0777",
            "file_permission": "0777",
            "filename": "../ansible/inventory.yml",
            "id": "1ed1d75990c2da295da9001a06f241f84ab245cf",
            "sensitive_content": null,
            "source": null
          },
          "sensitive_attributes": [],
          "private": "bnVsbA==",
          "dependencies": [
            "openstack_compute_instance_v2.Instance_21_Front",
            "openstack_compute_instance_v2.Instance_Backend_21_GRA11",
            "openstack_compute_instance_v2.Instance_Backend_21_SBG",
            "openstack_compute_keypair_v2.Keypair_GRA11",
            "openstack_compute_keypair_v2.Keypair_SBG5",
            "ovh_cloud_project_network_private.network",
            "ovh_cloud_project_network_private_subnet.subnet"
          ]
        }
      ]
    },
    {
      "mode": "managed",
      "type": "openstack_compute_instance_v2",
      "name": "Instance_21_Front",
      "provider": "provider[\"registry.terraform.io/terraform-provider-openstack/openstack\"].ovh",
      "instances": [
        {
          "schema_version": 0,
          "attributes": {
            "access_ip_v4": "57.128.85.65",
            "access_ip_v6": "[2001:41d0:304:300::2bcf]",
            "admin_pass": null,
            "all_metadata": {},
            "all_tags": [],
            "availability_zone": "nova",
            "availability_zone_hints": null,
            "block_device": [],
            "config_drive": null,
            "flavor_id": "fa05492b-f252-4287-bf26-8bfa62933c6a",
            "flavor_name": "s1-2",
            "floating_ip": null,
            "force_delete": false,
            "id": "b9f51903-e91e-4ddf-840a-2395f56b9870",
            "image_id": "a32aaf69-72d8-4b98-9e6a-67929fa1b9cb",
            "image_name": "Debian 11",
            "key_pair": "sshkey_eductive21",
            "metadata": null,
            "name": "front_eductive21",
            "network": [
              {
                "access_network": false,
                "fixed_ip_v4": "57.128.85.65",
                "fixed_ip_v6": "[2001:41d0:304:300::2bcf]",
                "floating_ip": "",
                "mac": "fa:16:3e:85:6f:f8",
                "name": "Ext-Net",
                "port": "",
                "uuid": "bcf59eb2-9d83-41cc-b4f5-0435ed594833"
              },
              {
                "access_network": false,
                "fixed_ip_v4": "192.168.21.135",
                "fixed_ip_v6": "",
                "floating_ip": "",
                "mac": "fa:16:3e:2b:07:82",
                "name": "vrack_private_network_21",
                "port": "",
                "uuid": "b9a9bcd6-7168-40a0-9dca-4ce5f0b2652f"
              }
            ],
            "network_mode": null,
            "personality": [],
            "power_state": "active",
            "region": "GRA11",
            "scheduler_hints": [],
            "security_groups": [
              "default"
            ],
            "stop_before_destroy": false,
            "tags": null,
            "timeouts": null,
            "user_data": null,
            "vendor_options": [],
            "volume": []
          },
          "sensitive_attributes": [],
          "private": "eyJlMmJmYjczMC1lY2FhLTExZTYtOGY4OC0zNDM2M2JjN2M0YzAiOnsiY3JlYXRlIjoxODAwMDAwMDAwMDAwLCJkZWxldGUiOjE4MDAwMDAwMDAwMDAsInVwZGF0ZSI6MTgwMDAwMDAwMDAwMH19",
          "dependencies": [
            "openstack_compute_keypair_v2.Keypair_GRA11",
            "ovh_cloud_project_network_private.network",
            "ovh_cloud_project_network_private_subnet.subnet"
          ]
        }
      ]
    },
    {
      "mode": "managed",
      "type": "openstack_compute_instance_v2",
      "name": "Instance_Backend_21_GRA11",
      "provider": "provider[\"registry.terraform.io/terraform-provider-openstack/openstack\"].ovh",
      "instances": [
        {
          "index_key": 0,
          "schema_version": 0,
          "attributes": {
            "access_ip_v4": "57.128.80.17",
            "access_ip_v6": "[2001:41d0:304:300::282b]",
            "admin_pass": null,
            "all_metadata": {},
            "all_tags": [],
            "availability_zone": "nova",
            "availability_zone_hints": null,
            "block_device": [],
            "config_drive": null,
            "flavor_id": "fa05492b-f252-4287-bf26-8bfa62933c6a",
            "flavor_name": "s1-2",
            "floating_ip": null,
            "force_delete": false,
            "id": "657c08a5-caf6-423b-b41f-60bcc85a4b13",
            "image_id": "a32aaf69-72d8-4b98-9e6a-67929fa1b9cb",
            "image_name": "Debian 11",
            "key_pair": "sshkey_eductive21",
            "metadata": null,
            "name": "backend_eductive21_gra_1",
            "network": [
              {
                "access_network": false,
                "fixed_ip_v4": "57.128.80.17",
                "fixed_ip_v6": "[2001:41d0:304:300::282b]",
                "floating_ip": "",
                "mac": "fa:16:3e:0f:36:67",
                "name": "Ext-Net",
                "port": "",
                "uuid": "bcf59eb2-9d83-41cc-b4f5-0435ed594833"
              },
              {
                "access_network": false,
                "fixed_ip_v4": "192.168.21.193",
                "fixed_ip_v6": "",
                "floating_ip": "",
                "mac": "fa:16:3e:8d:ea:24",
                "name": "vrack_private_network_21",
                "port": "",
                "uuid": "b9a9bcd6-7168-40a0-9dca-4ce5f0b2652f"
              }
            ],
            "network_mode": null,
            "personality": [],
            "power_state": "active",
            "region": "GRA11",
            "scheduler_hints": [],
            "security_groups": [
              "default"
            ],
            "stop_before_destroy": false,
            "tags": null,
            "timeouts": null,
            "user_data": null,
            "vendor_options": [],
            "volume": []
          },
          "sensitive_attributes": [],
          "private": "eyJlMmJmYjczMC1lY2FhLTExZTYtOGY4OC0zNDM2M2JjN2M0YzAiOnsiY3JlYXRlIjoxODAwMDAwMDAwMDAwLCJkZWxldGUiOjE4MDAwMDAwMDAwMDAsInVwZGF0ZSI6MTgwMDAwMDAwMDAwMH19",
          "dependencies": [
            "openstack_compute_keypair_v2.Keypair_GRA11",
            "ovh_cloud_project_network_private.network",
            "ovh_cloud_project_network_private_subnet.subnet"
          ]
        },
        {
          "index_key": 1,
          "schema_version": 0,
          "attributes": {
            "access_ip_v4": "57.128.86.108",
            "access_ip_v6": "[2001:41d0:304:300::32fb]",
            "admin_pass": null,
            "all_metadata": {},
            "all_tags": [],
            "availability_zone": "nova",
            "availability_zone_hints": null,
            "block_device": [],
            "config_drive": null,
            "flavor_id": "fa05492b-f252-4287-bf26-8bfa62933c6a",
            "flavor_name": "s1-2",
            "floating_ip": null,
            "force_delete": false,
            "id": "30c69a46-71da-4275-8724-55585a545ec4",
            "image_id": "a32aaf69-72d8-4b98-9e6a-67929fa1b9cb",
            "image_name": "Debian 11",
            "key_pair": "sshkey_eductive21",
            "metadata": null,
            "name": "backend_eductive21_gra_2",
            "network": [
              {
                "access_network": false,
                "fixed_ip_v4": "57.128.86.108",
                "fixed_ip_v6": "[2001:41d0:304:300::32fb]",
                "floating_ip": "",
                "mac": "fa:16:3e:8c:4d:53",
                "name": "Ext-Net",
                "port": "",
                "uuid": "bcf59eb2-9d83-41cc-b4f5-0435ed594833"
              },
              {
                "access_network": false,
                "fixed_ip_v4": "192.168.21.102",
                "fixed_ip_v6": "",
                "floating_ip": "",
                "mac": "fa:16:3e:92:f4:b1",
                "name": "vrack_private_network_21",
                "port": "",
                "uuid": "b9a9bcd6-7168-40a0-9dca-4ce5f0b2652f"
              }
            ],
            "network_mode": null,
            "personality": [],
            "power_state": "active",
            "region": "GRA11",
            "scheduler_hints": [],
            "security_groups": [
              "default"
            ],
            "stop_before_destroy": false,
            "tags": null,
            "timeouts": null,
            "user_data": null,
            "vendor_options": [],
            "volume": []
          },
          "sensitive_attributes": [],
          "private": "eyJlMmJmYjczMC1lY2FhLTExZTYtOGY4OC0zNDM2M2JjN2M0YzAiOnsiY3JlYXRlIjoxODAwMDAwMDAwMDAwLCJkZWxldGUiOjE4MDAwMDAwMDAwMDAsInVwZGF0ZSI6MTgwMDAwMDAwMDAwMH19",
          "dependencies": [
            "openstack_compute_keypair_v2.Keypair_GRA11",
            "ovh_cloud_project_network_private.network",
            "ovh_cloud_project_network_private_subnet.subnet"
          ]
        },
        {
          "index_key": 2,
          "schema_version": 0,
          "attributes": {
            "access_ip_v4": "57.128.85.24",
            "access_ip_v6": "[2001:41d0:304:300::3666]",
            "admin_pass": null,
            "all_metadata": {},
            "all_tags": [],
            "availability_zone": "nova",
            "availability_zone_hints": null,
            "block_device": [],
            "config_drive": null,
            "flavor_id": "fa05492b-f252-4287-bf26-8bfa62933c6a",
            "flavor_name": "s1-2",
            "floating_ip": null,
            "force_delete": false,
            "id": "a095ee69-3d73-4969-985e-9c1d28db243c",
            "image_id": "a32aaf69-72d8-4b98-9e6a-67929fa1b9cb",
            "image_name": "Debian 11",
            "key_pair": "sshkey_eductive21",
            "metadata": null,
            "name": "backend_eductive21_gra_3",
            "network": [
              {
                "access_network": false,
                "fixed_ip_v4": "57.128.85.24",
                "fixed_ip_v6": "[2001:41d0:304:300::3666]",
                "floating_ip": "",
                "mac": "fa:16:3e:bf:3b:c5",
                "name": "Ext-Net",
                "port": "",
                "uuid": "bcf59eb2-9d83-41cc-b4f5-0435ed594833"
              },
              {
                "access_network": false,
                "fixed_ip_v4": "192.168.21.137",
                "fixed_ip_v6": "",
                "floating_ip": "",
                "mac": "fa:16:3e:76:7f:2b",
                "name": "vrack_private_network_21",
                "port": "",
                "uuid": "b9a9bcd6-7168-40a0-9dca-4ce5f0b2652f"
              }
            ],
            "network_mode": null,
            "personality": [],
            "power_state": "active",
            "region": "GRA11",
            "scheduler_hints": [],
            "security_groups": [
              "default"
            ],
            "stop_before_destroy": false,
            "tags": null,
            "timeouts": null,
            "user_data": null,
            "vendor_options": [],
            "volume": []
          },
          "sensitive_attributes": [],
          "private": "eyJlMmJmYjczMC1lY2FhLTExZTYtOGY4OC0zNDM2M2JjN2M0YzAiOnsiY3JlYXRlIjoxODAwMDAwMDAwMDAwLCJkZWxldGUiOjE4MDAwMDAwMDAwMDAsInVwZGF0ZSI6MTgwMDAwMDAwMDAwMH19",
          "dependencies": [
            "openstack_compute_keypair_v2.Keypair_GRA11",
            "ovh_cloud_project_network_private.network",
            "ovh_cloud_project_network_private_subnet.subnet"
          ]
        }
      ]
    },
    {
      "mode": "managed",
      "type": "openstack_compute_instance_v2",
      "name": "Instance_Backend_21_SBG",
      "provider": "provider[\"registry.terraform.io/terraform-provider-openstack/openstack\"].ovh",
      "instances": [
        {
          "index_key": 0,
          "schema_version": 0,
          "attributes": {
            "access_ip_v4": "135.125.12.248",
            "access_ip_v6": "[2001:41d0:404:100::11aa]",
            "admin_pass": null,
            "all_metadata": {},
            "all_tags": [],
            "availability_zone": "nova",
            "availability_zone_hints": null,
            "block_device": [],
            "config_drive": null,
            "flavor_id": "ce07016c-95df-4085-bb5a-565caffc2063",
            "flavor_name": "s1-2",
            "floating_ip": null,
            "force_delete": false,
            "id": "a6408906-f9b7-4c11-87a8-7fe4ed1a6914",
            "image_id": "b6b0399c-b631-48ea-9b62-629579cf91f0",
            "image_name": "Debian 11",
            "key_pair": "sshkey_eductive21",
            "metadata": null,
            "name": "backend_eductive21_sbg_1",
            "network": [
              {
                "access_network": false,
                "fixed_ip_v4": "135.125.12.248",
                "fixed_ip_v6": "[2001:41d0:404:100::11aa]",
                "floating_ip": "",
                "mac": "fa:16:3e:d5:9c:7d",
                "name": "Ext-Net",
                "port": "",
                "uuid": "581fad02-158d-4dc6-81f0-c1ec2794bbec"
              },
              {
                "access_network": false,
                "fixed_ip_v4": "192.168.21.165",
                "fixed_ip_v6": "",
                "floating_ip": "",
                "mac": "fa:16:3e:5a:1a:b5",
                "name": "vrack_private_network_21",
                "port": "",
                "uuid": "2ac02048-3f58-476b-a9ed-9d21f02d154f"
              }
            ],
            "network_mode": null,
            "personality": [],
            "power_state": "active",
            "region": "SBG5",
            "scheduler_hints": [],
            "security_groups": [
              "default"
            ],
            "stop_before_destroy": false,
            "tags": null,
            "timeouts": null,
            "user_data": null,
            "vendor_options": [],
            "volume": []
          },
          "sensitive_attributes": [],
          "private": "eyJlMmJmYjczMC1lY2FhLTExZTYtOGY4OC0zNDM2M2JjN2M0YzAiOnsiY3JlYXRlIjoxODAwMDAwMDAwMDAwLCJkZWxldGUiOjE4MDAwMDAwMDAwMDAsInVwZGF0ZSI6MTgwMDAwMDAwMDAwMH19",
          "dependencies": [
            "openstack_compute_keypair_v2.Keypair_SBG5",
            "ovh_cloud_project_network_private.network",
            "ovh_cloud_project_network_private_subnet.subnet"
          ]
        },
        {
          "index_key": 1,
          "schema_version": 0,
          "attributes": {
            "access_ip_v4": "135.125.15.116",
            "access_ip_v6": "[2001:41d0:404:100::3124]",
            "admin_pass": null,
            "all_metadata": {},
            "all_tags": [],
            "availability_zone": "nova",
            "availability_zone_hints": null,
            "block_device": [],
            "config_drive": null,
            "flavor_id": "ce07016c-95df-4085-bb5a-565caffc2063",
            "flavor_name": "s1-2",
            "floating_ip": null,
            "force_delete": false,
            "id": "025613fc-f88a-4d6a-8066-73e6cff3cb35",
            "image_id": "b6b0399c-b631-48ea-9b62-629579cf91f0",
            "image_name": "Debian 11",
            "key_pair": "sshkey_eductive21",
            "metadata": null,
            "name": "backend_eductive21_sbg_2",
            "network": [
              {
                "access_network": false,
                "fixed_ip_v4": "135.125.15.116",
                "fixed_ip_v6": "[2001:41d0:404:100::3124]",
                "floating_ip": "",
                "mac": "fa:16:3e:18:6f:46",
                "name": "Ext-Net",
                "port": "",
                "uuid": "581fad02-158d-4dc6-81f0-c1ec2794bbec"
              },
              {
                "access_network": false,
                "fixed_ip_v4": "192.168.21.182",
                "fixed_ip_v6": "",
                "floating_ip": "",
                "mac": "fa:16:3e:50:0d:53",
                "name": "vrack_private_network_21",
                "port": "",
                "uuid": "2ac02048-3f58-476b-a9ed-9d21f02d154f"
              }
            ],
            "network_mode": null,
            "personality": [],
            "power_state": "active",
            "region": "SBG5",
            "scheduler_hints": [],
            "security_groups": [
              "default"
            ],
            "stop_before_destroy": false,
            "tags": null,
            "timeouts": null,
            "user_data": null,
            "vendor_options": [],
            "volume": []
          },
          "sensitive_attributes": [],
          "private": "eyJlMmJmYjczMC1lY2FhLTExZTYtOGY4OC0zNDM2M2JjN2M0YzAiOnsiY3JlYXRlIjoxODAwMDAwMDAwMDAwLCJkZWxldGUiOjE4MDAwMDAwMDAwMDAsInVwZGF0ZSI6MTgwMDAwMDAwMDAwMH19",
          "dependencies": [
            "openstack_compute_keypair_v2.Keypair_SBG5",
            "ovh_cloud_project_network_private.network",
            "ovh_cloud_project_network_private_subnet.subnet"
          ]
        },
        {
          "index_key": 2,
          "schema_version": 0,
          "attributes": {
            "access_ip_v4": "135.125.12.197",
            "access_ip_v6": "[2001:41d0:404:100::30e5]",
            "admin_pass": null,
            "all_metadata": {},
            "all_tags": [],
            "availability_zone": "nova",
            "availability_zone_hints": null,
            "block_device": [],
            "config_drive": null,
            "flavor_id": "ce07016c-95df-4085-bb5a-565caffc2063",
            "flavor_name": "s1-2",
            "floating_ip": null,
            "force_delete": false,
            "id": "6e5cd677-d4ad-48df-875e-af949316c8bd",
            "image_id": "b6b0399c-b631-48ea-9b62-629579cf91f0",
            "image_name": "Debian 11",
            "key_pair": "sshkey_eductive21",
            "metadata": null,
            "name": "backend_eductive21_sbg_3",
            "network": [
              {
                "access_network": false,
                "fixed_ip_v4": "135.125.12.197",
                "fixed_ip_v6": "[2001:41d0:404:100::30e5]",
                "floating_ip": "",
                "mac": "fa:16:3e:27:eb:be",
                "name": "Ext-Net",
                "port": "",
                "uuid": "581fad02-158d-4dc6-81f0-c1ec2794bbec"
              },
              {
                "access_network": false,
                "fixed_ip_v4": "192.168.21.123",
                "fixed_ip_v6": "",
                "floating_ip": "",
                "mac": "fa:16:3e:d5:1e:ab",
                "name": "vrack_private_network_21",
                "port": "",
                "uuid": "2ac02048-3f58-476b-a9ed-9d21f02d154f"
              }
            ],
            "network_mode": null,
            "personality": [],
            "power_state": "active",
            "region": "SBG5",
            "scheduler_hints": [],
            "security_groups": [
              "default"
            ],
            "stop_before_destroy": false,
            "tags": null,
            "timeouts": null,
            "user_data": null,
            "vendor_options": [],
            "volume": []
          },
          "sensitive_attributes": [],
          "private": "eyJlMmJmYjczMC1lY2FhLTExZTYtOGY4OC0zNDM2M2JjN2M0YzAiOnsiY3JlYXRlIjoxODAwMDAwMDAwMDAwLCJkZWxldGUiOjE4MDAwMDAwMDAwMDAsInVwZGF0ZSI6MTgwMDAwMDAwMDAwMH19",
          "dependencies": [
            "openstack_compute_keypair_v2.Keypair_SBG5",
            "ovh_cloud_project_network_private.network",
            "ovh_cloud_project_network_private_subnet.subnet"
          ]
        }
      ]
    },
    {
      "mode": "managed",
      "type": "openstack_compute_keypair_v2",
      "name": "Keypair_GRA11",
      "provider": "provider[\"registry.terraform.io/terraform-provider-openstack/openstack\"].ovh",
      "instances": [
        {
          "schema_version": 0,
          "attributes": {
            "fingerprint": "47:f9:b7:3e:2f:f3:eb:c2:87:dd:b2:f1:16:73:18:ef",
            "id": "sshkey_eductive21",
            "name": "sshkey_eductive21",
            "private_key": "",
            "public_key": "ssh-rsa AAAAB3NzaC1yc2EAAAADAQABAAACAQCdQO7dARQxpKI5dIZXYs8lb6SqmBbQRyw+w2ZjqCbY1nVyoPXixPtBix9wrYlmfRIRDNIjyEVcZB3CfYXsbTEs1+NFEm4zZLfBCJp+yPAZZrwct0CSHJOprZx0oEqzc9mQ+GTO1RqJ/n5QWOfaxk/RrlKIoycyJzGi8AQ1grkLNIHf0fppk/b9omYLOrHjVXqK0fwOo5YEPSw7fyR9RxsRySIJ/vnLK/3M3wM+6TqESYJ5F566qCrVPPNuMmR8gSbkqKVZjniu5O6TQRwuUFJoSLfZwqqSeC47f4A2S+Y478RKnJ9PXGFHCZWobGtR4Su0S8kvjD6+K2oIMQqXvVc2fzOLhgqHSFDXHmtEmP150lXPpKcJGUvHeBa8AnqFuNLyJRz8jJ24gaHf8PqQYNifKpOZHeavCS3m6xMjHQyfbwEetVd144Mof7ZUEln6kmxsQV/rUj8EFYrIKZ4amljON6LKKnTVXwTQIalTqI1ctxzTKyX5tHSwd435XkU4rf2zeHbDEBjb5MntKbpUm2YFuqTcUvUrKFKdrc+mgxTuFu51eXrmjZa19d0mymze5bWSrlDiUZ32aZeM/yeQWVoOANUfK2Yt580g/bzXbShGDeRnvjzRHXa8zfe4H0Ad9ydIqwTCfS207tcseqFCKk61j/GhphzfbbzVta4Qa/JgZQ== eductive21@master.thisistheway.ovh\n",
            "region": "GRA11",
            "value_specs": null
          },
          "sensitive_attributes": [],
          "private": "bnVsbA=="
        }
      ]
    },
    {
      "mode": "managed",
      "type": "openstack_compute_keypair_v2",
      "name": "Keypair_SBG5",
      "provider": "provider[\"registry.terraform.io/terraform-provider-openstack/openstack\"].ovh",
      "instances": [
        {
          "schema_version": 0,
          "attributes": {
            "fingerprint": "47:f9:b7:3e:2f:f3:eb:c2:87:dd:b2:f1:16:73:18:ef",
            "id": "sshkey_eductive21",
            "name": "sshkey_eductive21",
            "private_key": "",
            "public_key": "ssh-rsa AAAAB3NzaC1yc2EAAAADAQABAAACAQCdQO7dARQxpKI5dIZXYs8lb6SqmBbQRyw+w2ZjqCbY1nVyoPXixPtBix9wrYlmfRIRDNIjyEVcZB3CfYXsbTEs1+NFEm4zZLfBCJp+yPAZZrwct0CSHJOprZx0oEqzc9mQ+GTO1RqJ/n5QWOfaxk/RrlKIoycyJzGi8AQ1grkLNIHf0fppk/b9omYLOrHjVXqK0fwOo5YEPSw7fyR9RxsRySIJ/vnLK/3M3wM+6TqESYJ5F566qCrVPPNuMmR8gSbkqKVZjniu5O6TQRwuUFJoSLfZwqqSeC47f4A2S+Y478RKnJ9PXGFHCZWobGtR4Su0S8kvjD6+K2oIMQqXvVc2fzOLhgqHSFDXHmtEmP150lXPpKcJGUvHeBa8AnqFuNLyJRz8jJ24gaHf8PqQYNifKpOZHeavCS3m6xMjHQyfbwEetVd144Mof7ZUEln6kmxsQV/rUj8EFYrIKZ4amljON6LKKnTVXwTQIalTqI1ctxzTKyX5tHSwd435XkU4rf2zeHbDEBjb5MntKbpUm2YFuqTcUvUrKFKdrc+mgxTuFu51eXrmjZa19d0mymze5bWSrlDiUZ32aZeM/yeQWVoOANUfK2Yt580g/bzXbShGDeRnvjzRHXa8zfe4H0Ad9ydIqwTCfS207tcseqFCKk61j/GhphzfbbzVta4Qa/JgZQ== eductive21@master.thisistheway.ovh\n",
            "region": "SBG5",
            "value_specs": null
          },
          "sensitive_attributes": [],
          "private": "bnVsbA=="
        }
      ]
    },
    {
      "mode": "managed",
      "type": "ovh_cloud_project_network_private",
      "name": "network",
      "provider": "provider[\"registry.terraform.io/ovh/ovh\"].ovh",
      "instances": [
        {
          "schema_version": 0,
          "attributes": {
            "id": "pn-1089024_21",
            "name": "vrack_private_network_21",
            "regions": [
              "GRA11",
              "SBG5"
            ],
            "regions_attributes": [
              {
                "openstackid": "2ac02048-3f58-476b-a9ed-9d21f02d154f",
                "region": "SBG5",
                "status": "ACTIVE"
              },
              {
                "openstackid": "b9a9bcd6-7168-40a0-9dca-4ce5f0b2652f",
                "region": "GRA11",
                "status": "ACTIVE"
              }
            ],
            "regions_status": [
              {
                "region": "SBG5",
                "status": "ACTIVE"
              }
            ],
            "service_name": "9957f50cea694f13b26cc064d04b2e95",
            "status": "ACTIVE",
            "type": "private",
            "vlan_id": 21
          },
          "sensitive_attributes": [],
          "private": "bnVsbA=="
        }
      ]
    },
    {
      "mode": "managed",
      "type": "ovh_cloud_project_network_private_subnet",
      "name": "subnet",
      "provider": "provider[\"registry.terraform.io/ovh/ovh\"].ovh",
      "instances": [
        {
          "index_key": 0,
          "schema_version": 0,
          "attributes": {
            "cidr": "192.168.21.0/24",
            "dhcp": true,
            "end": "192.168.21.200",
            "gateway_ip": "",
            "id": "8b569016-beab-4514-9c6f-ad533263eca0",
            "ip_pools": [
              {
                "dhcp": true,
                "end": "192.168.21.200",
                "network": "192.168.21.0/24",
                "region": "SBG5",
                "start": "192.168.21.100"
              }
            ],
            "network": "192.168.21.0/24",
            "network_id": "pn-1089024_21",
            "no_gateway": true,
            "region": "SBG5",
            "service_name": "9957f50cea694f13b26cc064d04b2e95",
            "start": "192.168.21.100"
          },
          "sensitive_attributes": [],
          "private": "bnVsbA==",
          "dependencies": [
            "ovh_cloud_project_network_private.network"
          ]
        },
        {
          "index_key": 1,
          "schema_version": 0,
          "attributes": {
            "cidr": "192.168.21.0/24",
            "dhcp": true,
            "end": "192.168.21.200",
            "gateway_ip": "",
            "id": "d7b7a66b-f653-45fc-92b4-853b1c90c215",
            "ip_pools": [
              {
                "dhcp": true,
                "end": "192.168.21.200",
                "network": "192.168.21.0/24",
                "region": "GRA11",
                "start": "192.168.21.100"
              }
            ],
            "network": "192.168.21.0/24",
            "network_id": "pn-1089024_21",
            "no_gateway": true,
            "region": "GRA11",
            "service_name": "9957f50cea694f13b26cc064d04b2e95",
            "start": "192.168.21.100"
          },
          "sensitive_attributes": [],
          "private": "bnVsbA==",
          "dependencies": [
            "ovh_cloud_project_network_private.network"
          ]
        }
      ]
    }
  ],
  "check_results": []
}
